version = 1
revision = 5
requires-python = "==3.12.*"

[[package]]
name = "numpy"
version = "2.5.3"
source = { registry = "https://pypi.org/simple" }
sdist = { url = "https://files.pythonhosted.org/packages/13/01/11703282db468b85f6f7b8c7f22d058de5970d5c7e60a3a8aaa313c3de36/numpy-2.5.3.tar.gz", hash = "sha256:df2d5874ff183595a4ba404edd04f6bd9b5505c1d7708573f6a6c17489a67563", size = 20791231, upload-time = "2026-09-06T16:27:47.073Z" }
wheels = [
    { url = "https://files.pythonhosted.org/packages/d6/50/8fdbb16af64895706a45f06a4068e29db732ec180f3c1375f14123359138/numpy-2.5.3-cp312-cp312-macosx_10_13_x86_64.whl", hash = "sha256:cb189f09db39283b26bfd061ec16189e14f71c6755207f72a0f7540867afe5b9", size = 16994982, upload-time = "2026-09-06T16:24:29.244Z" },
    { url = "https://files.pythonhosted.org/packages/60/39/789131c1188c078dcb3a1692e72e1e050c68b88ffe72c9ccaac9bcd7a9cd/numpy-2.5.3-cp312-cp312-macosx_11_0_arm64.whl", hash = "sha256:f59a878c33d6b88122d80d239bb3b845d58708750b0cb06a09aebb9b18ec696c", size = 12009327, upload-time = "2026-09-06T16:24:32.491Z" },
    { url = "https://files.pythonhosted.org/packages/9c/59/a312e95696e5f601914dd8b6dd844692ba61670807417e24b68e337b5c70/numpy-2.5.3-cp312-cp312-macosx_14_0_arm64.whl", hash = "sha256:a72f874bc9e10e4b8f80426fb49716d5141f64442a0c8418065093ec8017fbb0", size = 5445405, upload-time = "2026-09-06T16:24:35.071Z" },
    { url = "https://files.pythonhosted.org/packages/30/d0/5623a1707ed4fe16e3909fe3cf5ee3da004ae677ad23d83bbf3adf1a6faf/numpy-2.5.3-cp312-cp312-macosx_14_0_x86_64.whl", hash = "sha256:fc36dc566135b5eceec4cf89758fcb719266a019ef07dae1754ae7c9f617ef3e", size = 6783213, upload-time = "2026-09-06T16:24:37.253Z" },
    { url = "https://files.pythonhosted.org/packages/f1/32/84146fc020ad3c25f805f70ab60da46fe3c540a21369754a7e4369754b6f/numpy-2.5.3-cp312-cp312-manylinux_2_27_aarch64.manylinux_2_28_aarch64.whl", hash = "sha256:76c2c1e6bfa5c84adc6434dfbf013aa92096a7985221762c8f11fedfd20fff58", size = 15687872, upload-time = "2026-09-06T16:24:39.751Z" },
    { url = "https://files.pythonhosted.org/packages/65/af/aa78d1a88805456e212b65461354cd943197fb9acecc4c90fd12295123a3/numpy-2.5.3-cp312-cp312-manylinux_2_27_x86_64.manylinux_2_28_x86_64.whl", hash = "sha256:b7e18c623bb5c95acb3b3328861272816ba199fb531921c5d6d0b675f1fde9e3", size = 16717410, upload-time = "2026-09-06T16:24:42.745Z" },
    { url = "https://files.pythonhosted.org/packages/3b/24/faa79d865e69a97ba17473b23a1b74094b2259c03e820c70297293b9ea49/numpy-2.5.3-cp312-cp312-musllinux_1_2_aarch64.whl", hash = "sha256:4f8929ee6c96bfbd7b4ed2032e0c03af86fe1826740ab61ddabf9072d06e57ff", size = 17040975, upload-time = "2026-09-06T16:24:45.961Z" },
    { url = "https://files.pythonhosted.org/packages/62/4a/8877e629445a7176297dffcaf9c485faa96a95d81728a62521ad55bd4c0f/numpy-2.5.3-cp312-cp312-musllinux_1_2_x86_64.whl", hash = "sha256:b5d93cf48f687479941d12b69c873ad2cc76bbd487f0091c2200636497f34034", size = 18476479, upload-time = "2026-09-06T16:24:49.35Z" },
    { url = "https://files.pythonhosted.org/packages/c8/db/35e1c2d38b04cbd5b731f9d71495e055e813197669d22b612f11748d2ff9/numpy-2.5.3-cp312-cp312-win32.whl", hash = "sha256:bf63afbe037eb5d2fe87fbcc7778e61da53ebaf21d938a4515aa73b62532a5d4", size = 6133378, upload-time = "2026-09-06T16:24:51.915Z" },
    { url = "https://files.pythonhosted.org/packages/3c/a1/accf6d4f0c80c5d9ba9735d6b1550e444180599f34dec69ca01360f717ad/numpy-2.5.3-cp312-cp312-win_amd64.whl", hash = "sha256:0a59a421a32580a009e8a1751345bf829631b990dc1794b80514ab722b435def", size = 12567828, upload-time = "2026-09-06T16:24:54.255Z" },
    { url = "https://files.pythonhosted.org/packages/22/43/1764aff32e4652526ae2f71fa8b3efd8d25c8a3d6926914454e47138ed1e/numpy-2.5.3-cp312-cp312-win_arm64.whl", hash = "sha256:ccb32e0525d29e8b0572eb84c9a57af0e7a4e615726927506f55063c62414034", size = 10485432, upload-time = "2026-09-06T16:24:57.278Z" },
]

[[package]]
name = "pillow"
version = "12.3.0"
source = { registry = "https://pypi.org/simple" }
sdist = { url = "https://files.pythonhosted.org/packages/1c/3d/bb7fca845737cf9d7dbde16ed1843984665ff2e0a518f5db43e77ec540b9/pillow-12.3.0.tar.gz", hash = "sha256:3b8182a766685eaa002637e28b4ec8d6b18819a0c71f579bf0dbaa5830297cce", size = 47025035, upload-time = "2026-07-01T11:56:38.965Z" }
wheels = [
    { url = "https://files.pythonhosted.org/packages/37/bf/fb3ebff8ddcb76aac5a01389251bbbb9519922a9b520d8247c1ca864a25d/pillow-12.3.0-cp312-cp312-macosx_10_13_x86_64.whl", hash = "sha256:ba09209fbe443b4acccebe845d8a138b89a8f4fbaeedd44953490b5315d5e965", size = 5345969, upload-time = "2026-07-01T11:54:06.397Z" },
    { url = "https://files.pythonhosted.org/packages/d8/66/9a386a92561f402389a4fc70c18838bf6d35eb5eb5c6850b4b2dc64f5048/pillow-12.3.0-cp312-cp312-macosx_11_0_arm64.whl", hash = "sha256:ffd0c5368496f41b0944be820fcb7a838aa6e623d250b01acf2643939c3f99d7", size = 4780323, upload-time = "2026-07-01T11:54:09.351Z" },
    { url = "https://files.pythonhosted.org/packages/25/27/ac8f99618ffd3dde21db0f4d4b1d2ab00c0880595bfd17df103f7f39fd0c/pillow-12.3.0-cp312-cp312-manylinux_2_27_aarch64.manylinux_2_28_aarch64.whl", hash = "sha256:d9c7f76c0673154f044e9d78c8655fb4213f6ca31a836df48b40fe5d187717b9", size = 6266838, upload-time = "2026-07-01T11:54:11.71Z" },
    { url = "https://files.pythonhosted.org/packages/84/21/a35af28dcc61f37ed850a2d64c65c701321dfbf25085e469d5559360cbbf/pillow-12.3.0-cp312-cp312-manylinux_2_27_x86_64.manylinux_2_28_x86_64.whl", hash = "sha256:78cb2c6865a35ab8ff8b75fd122f6033b92a62c82801110e48ddd6c936a45d91", size = 6940830, upload-time = "2026-07-01T11:54:13.732Z" },
    { url = "https://files.pythonhosted.org/packages/eb/51/8b08617af3ad95e33ce6d7dd2c99ed6c8298f7fb131636303956be022e25/pillow-12.3.0-cp312-cp312-musllinux_1_2_aarch64.whl", hash = "sha256:e491916b378fba47242221bb9ead245211b70d504f495d105d17b14a24b4907c", size = 6344383, upload-time = "2026-07-01T11:54:15.756Z" },
    { url = "https://files.pythonhosted.org/packages/1d/72/cf78ac9780bb93c28328f408973845a309d4d145041665f734572ced1b52/pillow-12.3.0-cp312-cp312-musllinux_1_2_x86_64.whl", hash = "sha256:0dd2064cbc55aaec028ef5fbb60fa47bb6c3e7918e07ff17935284b227a9d2df", size = 7052934, upload-time = "2026-07-01T11:54:17.721Z" },
    { url = "https://files.pythonhosted.org/packages/20/20/25e0f4dc178a6bc0696793720055519a0de89e7661dae886992decbd2f81/pillow-12.3.0-cp312-cp312-win32.whl", hash = "sha256:dbce0b29841537a2fa4a214c2bbf14de3587c9680caa9b4e217568472490b28f", size = 6472684, upload-time = "2026-07-01T11:54:19.839Z" },
    { url = "https://files.pythonhosted.org/packages/45/89/da2f7971a317f83d807fdd4065c0af40208e59e692cc43d315a71a0e96d1/pillow-12.3.0-cp312-cp312-win_amd64.whl", hash = "sha256:a2b55dd6b2a4c4b7d87ffa56bdb33fdc5fdb9a462173861a7bc097f17d91cb09", size = 7227137, upload-time = "2026-07-01T11:54:22.025Z" },
    { url = "https://files.pythonhosted.org/packages/de/47/4845a0a6c0dbf1db8456bd9fc791f13c5ced7ced20606d08a0aacfd25b49/pillow-12.3.0-cp312-cp312-win_arm64.whl", hash = "sha256:331b624368d4f1d069149002f25f44bc61c8919ce8ddb3c45bdad8f6e2d89510", size = 2568267, upload-time = "2026-07-01T11:54:24.051Z" },
]

[[package]]
name = "pyarrow"
version = "23.0.1"
source = { registry = "https://pypi.org/simple" }
sdist = { url = "https://files.pythonhosted.org/packages/88/22/134986a4cc224d593c1afde5494d18ff629393d74cc2eddb176669f234a4/pyarrow-23.0.1.tar.gz", hash = "sha256:b8c5873e33440b2bc2f4a79d2b47017a89c5a24116c055625e6f2ee50523f019", size = 1167336, upload-time = "2026-02-16T10:14:12.39Z" }
wheels = [
    { url = "https://files.pythonhosted.org/packages/9a/4b/4166bb5abbfe6f750fc60ad337c43ecf61340fa52ab386da6e8dbf9e63c4/pyarrow-23.0.1-cp312-cp312-macosx_12_0_arm64.whl", hash = "sha256:f4b0dbfa124c0bb161f8b5ebb40f1a680b70279aa0c9901d44a2b5a20806039f", size = 34214575, upload-time = "2026-02-16T10:09:56.225Z" },
    { url = "https://files.pythonhosted.org/packages/e1/da/3f941e3734ac8088ea588b53e860baeddac8323ea40ce22e3d0baa865cc9/pyarrow-23.0.1-cp312-cp312-macosx_12_0_x86_64.whl", hash = "sha256:7707d2b6673f7de054e2e83d59f9e805939038eebe1763fe811ee8fa5c0cd1a7", size = 35832540, upload-time = "2026-02-16T10:10:03.428Z" },
    { url = "https://files.pythonhosted.org/packages/88/7c/3d841c366620e906d54430817531b877ba646310296df42ef697308c2705/pyarrow-23.0.1-cp312-cp312-manylinux_2_28_aarch64.whl", hash = "sha256:86ff03fb9f1a320266e0de855dee4b17da6794c595d207f89bba40d16b5c78b9", size = 44470940, upload-time = "2026-02-16T10:10:10.704Z" },
    { url = "https://files.pythonhosted.org/packages/2c/a5/da83046273d990f256cb79796a190bbf7ec999269705ddc609403f8c6b06/pyarrow-23.0.1-cp312-cp312-manylinux_2_28_x86_64.whl", hash = "sha256:813d99f31275919c383aab17f0f455a04f5a429c261cc411b1e9a8f5e4aaaa05", size = 47586063, upload-time = "2026-02-16T10:10:17.95Z" },
    { url = "https://files.pythonhosted.org/packages/5b/3c/b7d2ebcff47a514f47f9da1e74b7949138c58cfeb108cdd4ee62f43f0cf3/pyarrow-23.0.1-cp312-cp312-musllinux_1_2_aarch64.whl", hash = "sha256:bf5842f960cddd2ef757d486041d57c96483efc295a8c4a0e20e704cbbf39c67", size = 48173045, upload-time = "2026-02-16T10:10:25.363Z" },
    { url = "https://files.pythonhosted.org/packages/43/b2/b40961262213beaba6acfc88698eb773dfce32ecdf34d19291db94c2bd73/pyarrow-23.0.1-cp312-cp312-musllinux_1_2_x86_64.whl", hash = "sha256:564baf97c858ecc03ec01a41062e8f4698abc3e6e2acd79c01c2e97880a19730", size = 50621741, upload-time = "2026-02-16T10:10:33.477Z" },
    { url = "https://files.pythonhosted.org/packages/f6/70/1fdda42d65b28b078e93d75d371b2185a61da89dda4def8ba6ba41ebdeb4/pyarrow-23.0.1-cp312-cp312-win_amd64.whl", hash = "sha256:07deae7783782ac7250989a7b2ecde9b3c343a643f82e8a4df03d93b633006f0", size = 27620678, upload-time = "2026-02-16T10:10:39.31Z" },
]

[[package]]
name = "robot-action-video-generation"
version = "0.1.0"
source = { virtual = "." }
dependencies = [
    { name = "numpy" },
    { name = "pillow" },
    { name = "pyarrow" },
]

[package.metadata]
requires-dist = [
    { name = "numpy", specifier = ">=2,<3" },
    { name = "pillow", specifier = ">=11,<13" },
    { name = "pyarrow", specifier = ">=19,<24" },
]
